
Microsoft Visual Studio Solution File, Format Version 12.00
# Visual Studio Version 17
VisualStudioVersion = 17.7.34202.233
MinimumVisualStudioVersion = 10.0.40219.1
Project("{FAE04EC0-301F-11D3-BF4B-00C04F79EFBC}") = "E2245663", "E2245663\E2245663.csproj", "{537AB88A-C14F-4B09-B3C7-0EBA7B2B525D}"
EndProject
Global
	GlobalSection(SolutionConfigurationPlatforms) = preSolution
		Debug|Any CPU = Debug|Any CPU
		Release|Any CPU = Release|Any CPU
	EndGlobalSection
	GlobalSection(ProjectConfigurationPlatforms) = postSolution
		{537AB88A-C14F-4B09-B3C7-0EBA7B2B525D}.Debug|Any CPU.ActiveCfg = Debug|Any CPU
		{537AB88A-C14F-4B09-B3C7-0EBA7B2B525D}.Debug|Any CPU.Build.0 = Debug|Any CPU
		{537AB88A-C14F-4B09-B3C7-0EBA7B2B525D}.Release|Any CPU.ActiveCfg = Release|Any CPU
		{537AB88A-C14F-4B09-B3C7-0EBA7B2B525D}.Release|Any CPU.Build.0 = Release|Any CPU
	EndGlobalSection
	GlobalSection(SolutionProperties) = preSolution
		HideSolutionNode = FALSE
	EndGlobalSection
	GlobalSection(ExtensibilityGlobals) = postSolution
		SolutionGuid = {83D1A615-3A9D-45DD-A0FE-E87DF19A1915}
	EndGlobalSection
EndGlobal
